
Microsoft Visual Studio Solution File, Format Version 12.00
# Visual Studio 15
VisualStudioVersion = 15.0.26228.102
MinimumVisualStudioVersion = 10.0.40219.1
Project("{FAE04EC0-301F-11D3-BF4B-00C04F79EFBC}") = "AnalogClockAngleCalculator", "AnalogClockAngleCalculator\AnalogClockAngleCalculator.csproj", "{C1D803CD-01CE-4533-8864-0F2ECEDBC3CF}"
EndProject
Global
	GlobalSection(SolutionConfigurationPlatforms) = preSolution
		Debug|Any CPU = Debug|Any CPU
		Release|Any CPU = Release|Any CPU
	EndGlobalSection
	GlobalSection(ProjectConfigurationPlatforms) = postSolution
		{C1D803CD-01CE-4533-8864-0F2ECEDBC3CF}.Debug|Any CPU.ActiveCfg = Debug|Any CPU
		{C1D803CD-01CE-4533-8864-0F2ECEDBC3CF}.Debug|Any CPU.Build.0 = Debug|Any CPU
		{C1D803CD-01CE-4533-8864-0F2ECEDBC3CF}.Release|Any CPU.ActiveCfg = Release|Any CPU
		{C1D803CD-01CE-4533-8864-0F2ECEDBC3CF}.Release|Any CPU.Build.0 = Release|Any CPU
	EndGlobalSection
	GlobalSection(SolutionProperties) = preSolution
		HideSolutionNode = FALSE
	EndGlobalSection
EndGlobal
